
Microsoft Visual Studio Solution File, Format Version 12.00
# Visual Studio Version 17
VisualStudioVersion = 17.1.32407.343
MinimumVisualStudioVersion = 10.0.40219.1
Project("{FAE04EC0-301F-11D3-BF4B-00C04F79EFBC}") = "Orientacao_a_Objetos", "Orientacao_a_Objetos\Orientacao_a_Objetos.csproj", "{F026FDBD-3582-4589-B1C5-7467B0B77612}"
EndProject
Global
	GlobalSection(SolutionConfigurationPlatforms) = preSolution
		Debug|Any CPU = Debug|Any CPU
		Release|Any CPU = Release|Any CPU
	EndGlobalSection
	GlobalSection(ProjectConfigurationPlatforms) = postSolution
		{F026FDBD-3582-4589-B1C5-7467B0B77612}.Debug|Any CPU.ActiveCfg = Debug|Any CPU
		{F026FDBD-3582-4589-B1C5-7467B0B77612}.Debug|Any CPU.Build.0 = Debug|Any CPU
		{F026FDBD-3582-4589-B1C5-7467B0B77612}.Release|Any CPU.ActiveCfg = Release|Any CPU
		{F026FDBD-3582-4589-B1C5-7467B0B77612}.Release|Any CPU.Build.0 = Release|Any CPU
	EndGlobalSection
	GlobalSection(SolutionProperties) = preSolution
		HideSolutionNode = FALSE
	EndGlobalSection
	GlobalSection(ExtensibilityGlobals) = postSolution
		SolutionGuid = {CDA6C7F8-C56E-45A5-88BF-BDB97D2C792D}
	EndGlobalSection
EndGlobal
