
Microsoft Visual Studio Solution File, Format Version 12.00
# Visual Studio Version 17
VisualStudioVersion = 17.1.32407.343
MinimumVisualStudioVersion = 10.0.40219.1
Project("{FAE04EC0-301F-11D3-BF4B-00C04F79EFBC}") = "Cinema", "Cinema\Cinema.csproj", "{2E8D4F1C-7E95-4D79-8CEB-CB4B60779A7A}"
EndProject
Global
	GlobalSection(SolutionConfigurationPlatforms) = preSolution
		Debug|Any CPU = Debug|Any CPU
		Release|Any CPU = Release|Any CPU
	EndGlobalSection
	GlobalSection(ProjectConfigurationPlatforms) = postSolution
		{2E8D4F1C-7E95-4D79-8CEB-CB4B60779A7A}.Debug|Any CPU.ActiveCfg = Debug|Any CPU
		{2E8D4F1C-7E95-4D79-8CEB-CB4B60779A7A}.Debug|Any CPU.Build.0 = Debug|Any CPU
		{2E8D4F1C-7E95-4D79-8CEB-CB4B60779A7A}.Release|Any CPU.ActiveCfg = Release|Any CPU
		{2E8D4F1C-7E95-4D79-8CEB-CB4B60779A7A}.Release|Any CPU.Build.0 = Release|Any CPU
	EndGlobalSection
	GlobalSection(SolutionProperties) = preSolution
		HideSolutionNode = FALSE
	EndGlobalSection
	GlobalSection(ExtensibilityGlobals) = postSolution
		SolutionGuid = {D0F4BF44-AABD-436A-880C-B27FA3CC9217}
	EndGlobalSection
EndGlobal
